
Microsoft Visual Studio Solution File, Format Version 12.00
# Visual Studio Version 16
VisualStudioVersion = 16.0.30011.22
MinimumVisualStudioVersion = 10.0.40219.1
Project("{FAE04EC0-301F-11D3-BF4B-00C04F79EFBC}") = "composition", "composition\composition.csproj", "{2E9A0ACF-CE9C-4688-BEBA-C7B7C2A9F688}"
EndProject
Global
	GlobalSection(SolutionConfigurationPlatforms) = preSolution
		Debug|Any CPU = Debug|Any CPU
		Release|Any CPU = Release|Any CPU
	EndGlobalSection
	GlobalSection(ProjectConfigurationPlatforms) = postSolution
		{2E9A0ACF-CE9C-4688-BEBA-C7B7C2A9F688}.Debug|Any CPU.ActiveCfg = Debug|Any CPU
		{2E9A0ACF-CE9C-4688-BEBA-C7B7C2A9F688}.Debug|Any CPU.Build.0 = Debug|Any CPU
		{2E9A0ACF-CE9C-4688-BEBA-C7B7C2A9F688}.Release|Any CPU.ActiveCfg = Release|Any CPU
		{2E9A0ACF-CE9C-4688-BEBA-C7B7C2A9F688}.Release|Any CPU.Build.0 = Release|Any CPU
	EndGlobalSection
	GlobalSection(SolutionProperties) = preSolution
		HideSolutionNode = FALSE
	EndGlobalSection
	GlobalSection(ExtensibilityGlobals) = postSolution
		SolutionGuid = {D1147956-E5C0-47A9-91DF-6F2C28B14B57}
	EndGlobalSection
EndGlobal
